
Microsoft Visual Studio Solution File, Format Version 12.00
# Visual Studio Version 17
VisualStudioVersion = 17.4.33110.190
MinimumVisualStudioVersion = 10.0.40219.1
Project("{2150E333-8FDC-42A3-9474-1A3956D46DE8}") = "doc", "doc", "{828E7C8D-3914-486A-8F6A-80516E01C10F}"
EndProject
Project("{2150E333-8FDC-42A3-9474-1A3956D46DE8}") = "src", "src", "{F4CB4D2D-5320-4134-BAD2-B44A60B65845}"
EndProject
Project("{2150E333-8FDC-42A3-9474-1A3956D46DE8}") = "Presentation", "Presentation", "{242B29B4-E6D0-4F2A-9F65-79BA58566452}"
EndProject
Project("{2150E333-8FDC-42A3-9474-1A3956D46DE8}") = "Core", "Core", "{16978368-4265-42A1-8760-9B7A4CA05B46}"
EndProject
Project("{2150E333-8FDC-42A3-9474-1A3956D46DE8}") = "Infrastructure", "Infrastructure", "{4675BF59-E62F-4386-82E3-8538E28EA308}"
EndProject
Project("{9A19103F-16F7-4668-BE54-9A1E7A4F7556}") = "Domain", "Domain\Domain.csproj", "{E0C9113B-A953-4812-A3C8-586A37240ECE}"
EndProject
Project("{9A19103F-16F7-4668-BE54-9A1E7A4F7556}") = "Application", "Application\Application.csproj", "{E88CACFC-E41B-411A-A828-72557F09CA4C}"
EndProject
Project("{9A19103F-16F7-4668-BE54-9A1E7A4F7556}") = "Infrastructure", "Infrastructure\Infrastructure.csproj", "{B7EE0218-C107-4135-8CCE-A1B90D76619E}"
EndProject
Project("{FAE04EC0-301F-11D3-BF4B-00C04F79EFBC}") = "API", "API\API.csproj", "{E5090F75-F461-4E05-823A-7745BE2D6BC9}"
EndProject
Global
	GlobalSection(SolutionConfigurationPlatforms) = preSolution
		Debug|Any CPU = Debug|Any CPU
		Release|Any CPU = Release|Any CPU
	EndGlobalSection
	GlobalSection(ProjectConfigurationPlatforms) = postSolution
		{E0C9113B-A953-4812-A3C8-586A37240ECE}.Debug|Any CPU.ActiveCfg = Debug|Any CPU
		{E0C9113B-A953-4812-A3C8-586A37240ECE}.Debug|Any CPU.Build.0 = Debug|Any CPU
		{E0C9113B-A953-4812-A3C8-586A37240ECE}.Release|Any CPU.ActiveCfg = Release|Any CPU
		{E0C9113B-A953-4812-A3C8-586A37240ECE}.Release|Any CPU.Build.0 = Release|Any CPU
		{E88CACFC-E41B-411A-A828-72557F09CA4C}.Debug|Any CPU.ActiveCfg = Debug|Any CPU
		{E88CACFC-E41B-411A-A828-72557F09CA4C}.Debug|Any CPU.Build.0 = Debug|Any CPU
		{E88CACFC-E41B-411A-A828-72557F09CA4C}.Release|Any CPU.ActiveCfg = Release|Any CPU
		{E88CACFC-E41B-411A-A828-72557F09CA4C}.Release|Any CPU.Build.0 = Release|Any CPU
		{B7EE0218-C107-4135-8CCE-A1B90D76619E}.Debug|Any CPU.ActiveCfg = Debug|Any CPU
		{B7EE0218-C107-4135-8CCE-A1B90D76619E}.Debug|Any CPU.Build.0 = Debug|Any CPU
		{B7EE0218-C107-4135-8CCE-A1B90D76619E}.Release|Any CPU.ActiveCfg = Release|Any CPU
		{B7EE0218-C107-4135-8CCE-A1B90D76619E}.Release|Any CPU.Build.0 = Release|Any CPU
		{E5090F75-F461-4E05-823A-7745BE2D6BC9}.Debug|Any CPU.ActiveCfg = Debug|Any CPU
		{E5090F75-F461-4E05-823A-7745BE2D6BC9}.Debug|Any CPU.Build.0 = Debug|Any CPU
		{E5090F75-F461-4E05-823A-7745BE2D6BC9}.Release|Any CPU.ActiveCfg = Release|Any CPU
		{E5090F75-F461-4E05-823A-7745BE2D6BC9}.Release|Any CPU.Build.0 = Release|Any CPU
	EndGlobalSection
	GlobalSection(SolutionProperties) = preSolution
		HideSolutionNode = FALSE
	EndGlobalSection
	GlobalSection(NestedProjects) = preSolution
		{242B29B4-E6D0-4F2A-9F65-79BA58566452} = {F4CB4D2D-5320-4134-BAD2-B44A60B65845}
		{16978368-4265-42A1-8760-9B7A4CA05B46} = {F4CB4D2D-5320-4134-BAD2-B44A60B65845}
		{4675BF59-E62F-4386-82E3-8538E28EA308} = {F4CB4D2D-5320-4134-BAD2-B44A60B65845}
		{E0C9113B-A953-4812-A3C8-586A37240ECE} = {16978368-4265-42A1-8760-9B7A4CA05B46}
		{E88CACFC-E41B-411A-A828-72557F09CA4C} = {16978368-4265-42A1-8760-9B7A4CA05B46}
		{B7EE0218-C107-4135-8CCE-A1B90D76619E} = {4675BF59-E62F-4386-82E3-8538E28EA308}
		{E5090F75-F461-4E05-823A-7745BE2D6BC9} = {242B29B4-E6D0-4F2A-9F65-79BA58566452}
	EndGlobalSection
	GlobalSection(ExtensibilityGlobals) = postSolution
		SolutionGuid = {6BDEFE40-8C88-45D6-A7EF-41A5847AED36}
	EndGlobalSection
EndGlobal
